<?xml version="1.0" encoding="utf-8"?>
<Project ToolsVersion="4.0" xmlns="http://schemas.microsoft.com/developer/msbuild/2003">
  <ItemGroup>
    <ClInclude Include="count_matrix.h" />
    <ClInclude Include="count_vector.h" />
    <ClInclude Include="count_vector_value.h" />
    <ClInclude Include="cm_abstract_similarity.h" />
    <ClInclude Include="cm_max_weighted_bipartite_matching.h" />
    <ClInclude Include="cm_similarity_result.h" />
    <ClInclude Include="cm_similar_vectors_indices.h" />
  </ItemGroup>
</Project>