
Microsoft Visual Studio Solution File, Format Version 12.00
# Visual Studio Version 17
VisualStudioVersion = 17.6.33723.286
MinimumVisualStudioVersion = 10.0.40219.1
Project("{8BC9CEB8-8B4A-11D0-8D11-00A0C91BC942}") = "CountMatrix", "CountMatrix\CountMatrix.vcxproj", "{2350902B-B9A5-4CF1-8075-EAC7F9F48616}"
EndProject
Project("{8BC9CEB8-8B4A-11D0-8D11-00A0C91BC942}") = "CPPCodeAnalysis", "CPPCodeAnalysis\CPPCodeAnalysis.vcxproj", "{04A5ECAE-3293-48A1-B553-C49FC6508436}"
EndProject
Project("{8BC9CEB8-8B4A-11D0-8D11-00A0C91BC942}") = "ClangCAdaptation", "ClangCAdaptation\ClangCAdaptation.vcxproj", "{C50D4604-F8EA-499B-9B77-E71976CE8A09}"
EndProject
Project("{8BC9CEB8-8B4A-11D0-8D11-00A0C91BC942}") = "DLIBProject", "DLIBProject\DLIBProject.vcxproj", "{7FD26CBE-B5B0-422C-B938-BB54BFA1638E}"
EndProject
Project("{8BC9CEB8-8B4A-11D0-8D11-00A0C91BC942}") = "CloneDetectionIO", "CloneDetectionIO\CloneDetectionIO.vcxproj", "{F8AE6226-A1D8-4A03-9558-A1E29E4FED9B}"
EndProject
Project("{8BC9CEB8-8B4A-11D0-8D11-00A0C91BC942}") = "CloneDetectionApp", "CloneDetectionApp\CloneDetectionApp.vcxproj", "{8AFD1631-952F-46F0-88CB-3DA349D91505}"
EndProject
Project("{8BC9CEB8-8B4A-11D0-8D11-00A0C91BC942}") = "CountMatrixTests", "UnitTests\CountMatrixTests\CountMatrixTests.vcxproj", "{F4A9818E-9B4D-4881-8B04-141C0D47B41F}"
EndProject
Project("{8BC9CEB8-8B4A-11D0-8D11-00A0C91BC942}") = "GoogleTest", "UnitTests\GoogleTest\GoogleTest.vcxproj", "{9357295E-E1F8-43C2-9823-ADF6663EBE2B}"
EndProject
Project("{8BC9CEB8-8B4A-11D0-8D11-00A0C91BC942}") = "CommonExceptions", "CommonExceptions\CommonExceptions.vcxproj", "{E7ECACA5-1E1E-421A-B746-AB57F3891C15}"
EndProject
Project("{8BC9CEB8-8B4A-11D0-8D11-00A0C91BC942}") = "CodeGeneration", "CodeGeneration\CodeGeneration.vcxproj", "{0D05CF9B-5085-4441-A106-641C263ECBBC}"
EndProject
Project("{8BC9CEB8-8B4A-11D0-8D11-00A0C91BC942}") = "Utility", "Utility\Utility.vcxproj", "{47CEB199-AD7A-479B-992C-2B8C2CDD5EEC}"
EndProject
Project("{8BC9CEB8-8B4A-11D0-8D11-00A0C91BC942}") = "CodeAnalysis", "CodeAnalysis\FunctionsAnalysis.vcxproj", "{A8968C8A-696D-4869-978B-523E8381E879}"
EndProject
Project("{8BC9CEB8-8B4A-11D0-8D11-00A0C91BC942}") = "Graphs", "Graphs\Graphs.vcxproj", "{757F87FF-BFDE-4F00-9727-546B020CF6DF}"
EndProject
Project("{8BC9CEB8-8B4A-11D0-8D11-00A0C91BC942}") = "CodeClonesAnalysis", "CodeClonesAnalysis\CodeClonesAnalysis.vcxproj", "{4623BB2E-D5B7-4D39-8F87-9F994DD8B9A4}"
EndProject
Project("{8BC9CEB8-8B4A-11D0-8D11-00A0C91BC942}") = "CodeAnalysisThroughCountMatrix", "CodeAnalysisThroughCountMatrix\CodeAnalysisThroughCountMatrix.vcxproj", "{E9499BF9-A277-4E6A-957B-5B2FDB57A89E}"
EndProject
Project("{8BC9CEB8-8B4A-11D0-8D11-00A0C91BC942}") = "CodeClonesAnalysisThroughCountMatrix", "CodeClonesAnalysisThroughCountMatrix\CodeClonesAnalysisThroughCountMatrix.vcxproj", "{703BB327-1E04-4B69-98CF-DB2AEF543D93}"
EndProject
Project("{8BC9CEB8-8B4A-11D0-8D11-00A0C91BC942}") = "ClangCodeAnalysis", "ClangCodeAnalysis\ClangCodeAnalysis.vcxproj", "{25FC3897-99AA-4DD1-B892-D49E28694FAA}"
EndProject
Global
	GlobalSection(SolutionConfigurationPlatforms) = preSolution
		Debug|x64 = Debug|x64
		Debug|x86 = Debug|x86
		Release|x64 = Release|x64
		Release|x86 = Release|x86
	EndGlobalSection
	GlobalSection(ProjectConfigurationPlatforms) = postSolution
		{2350902B-B9A5-4CF1-8075-EAC7F9F48616}.Debug|x64.ActiveCfg = Debug|x64
		{2350902B-B9A5-4CF1-8075-EAC7F9F48616}.Debug|x64.Build.0 = Debug|x64
		{2350902B-B9A5-4CF1-8075-EAC7F9F48616}.Debug|x86.ActiveCfg = Debug|Win32
		{2350902B-B9A5-4CF1-8075-EAC7F9F48616}.Debug|x86.Build.0 = Debug|Win32
		{2350902B-B9A5-4CF1-8075-EAC7F9F48616}.Release|x64.ActiveCfg = Release|x64
		{2350902B-B9A5-4CF1-8075-EAC7F9F48616}.Release|x64.Build.0 = Release|x64
		{2350902B-B9A5-4CF1-8075-EAC7F9F48616}.Release|x86.ActiveCfg = Release|Win32
		{2350902B-B9A5-4CF1-8075-EAC7F9F48616}.Release|x86.Build.0 = Release|Win32
		{04A5ECAE-3293-48A1-B553-C49FC6508436}.Debug|x64.ActiveCfg = Debug|x64
		{04A5ECAE-3293-48A1-B553-C49FC6508436}.Debug|x64.Build.0 = Debug|x64
		{04A5ECAE-3293-48A1-B553-C49FC6508436}.Debug|x86.ActiveCfg = Debug|Win32
		{04A5ECAE-3293-48A1-B553-C49FC6508436}.Debug|x86.Build.0 = Debug|Win32
		{04A5ECAE-3293-48A1-B553-C49FC6508436}.Release|x64.ActiveCfg = Release|x64
		{04A5ECAE-3293-48A1-B553-C49FC6508436}.Release|x64.Build.0 = Release|x64
		{04A5ECAE-3293-48A1-B553-C49FC6508436}.Release|x86.ActiveCfg = Release|Win32
		{04A5ECAE-3293-48A1-B553-C49FC6508436}.Release|x86.Build.0 = Release|Win32
		{C50D4604-F8EA-499B-9B77-E71976CE8A09}.Debug|x64.ActiveCfg = Debug|x64
		{C50D4604-F8EA-499B-9B77-E71976CE8A09}.Debug|x64.Build.0 = Debug|x64
		{C50D4604-F8EA-499B-9B77-E71976CE8A09}.Debug|x86.ActiveCfg = Debug|Win32
		{C50D4604-F8EA-499B-9B77-E71976CE8A09}.Debug|x86.Build.0 = Debug|Win32
		{C50D4604-F8EA-499B-9B77-E71976CE8A09}.Release|x64.ActiveCfg = Release|x64
		{C50D4604-F8EA-499B-9B77-E71976CE8A09}.Release|x64.Build.0 = Release|x64
		{C50D4604-F8EA-499B-9B77-E71976CE8A09}.Release|x86.ActiveCfg = Release|Win32
		{C50D4604-F8EA-499B-9B77-E71976CE8A09}.Release|x86.Build.0 = Release|Win32
		{7FD26CBE-B5B0-422C-B938-BB54BFA1638E}.Debug|x64.ActiveCfg = Debug|x64
		{7FD26CBE-B5B0-422C-B938-BB54BFA1638E}.Debug|x64.Build.0 = Debug|x64
		{7FD26CBE-B5B0-422C-B938-BB54BFA1638E}.Debug|x86.ActiveCfg = Debug|Win32
		{7FD26CBE-B5B0-422C-B938-BB54BFA1638E}.Debug|x86.Build.0 = Debug|Win32
		{7FD26CBE-B5B0-422C-B938-BB54BFA1638E}.Release|x64.ActiveCfg = Release|x64
		{7FD26CBE-B5B0-422C-B938-BB54BFA1638E}.Release|x64.Build.0 = Release|x64
		{7FD26CBE-B5B0-422C-B938-BB54BFA1638E}.Release|x86.ActiveCfg = Release|Win32
		{7FD26CBE-B5B0-422C-B938-BB54BFA1638E}.Release|x86.Build.0 = Release|Win32
		{F8AE6226-A1D8-4A03-9558-A1E29E4FED9B}.Debug|x64.ActiveCfg = Debug|x64
		{F8AE6226-A1D8-4A03-9558-A1E29E4FED9B}.Debug|x64.Build.0 = Debug|x64
		{F8AE6226-A1D8-4A03-9558-A1E29E4FED9B}.Debug|x86.ActiveCfg = Debug|Win32
		{F8AE6226-A1D8-4A03-9558-A1E29E4FED9B}.Debug|x86.Build.0 = Debug|Win32
		{F8AE6226-A1D8-4A03-9558-A1E29E4FED9B}.Release|x64.ActiveCfg = Release|x64
		{F8AE6226-A1D8-4A03-9558-A1E29E4FED9B}.Release|x64.Build.0 = Release|x64
		{F8AE6226-A1D8-4A03-9558-A1E29E4FED9B}.Release|x86.ActiveCfg = Release|Win32
		{F8AE6226-A1D8-4A03-9558-A1E29E4FED9B}.Release|x86.Build.0 = Release|Win32
		{8AFD1631-952F-46F0-88CB-3DA349D91505}.Debug|x64.ActiveCfg = Debug|x64
		{8AFD1631-952F-46F0-88CB-3DA349D91505}.Debug|x64.Build.0 = Debug|x64
		{8AFD1631-952F-46F0-88CB-3DA349D91505}.Debug|x86.ActiveCfg = Debug|Win32
		{8AFD1631-952F-46F0-88CB-3DA349D91505}.Debug|x86.Build.0 = Debug|Win32
		{8AFD1631-952F-46F0-88CB-3DA349D91505}.Release|x64.ActiveCfg = Release|x64
		{8AFD1631-952F-46F0-88CB-3DA349D91505}.Release|x64.Build.0 = Release|x64
		{8AFD1631-952F-46F0-88CB-3DA349D91505}.Release|x86.ActiveCfg = Release|Win32
		{8AFD1631-952F-46F0-88CB-3DA349D91505}.Release|x86.Build.0 = Release|Win32
		{F4A9818E-9B4D-4881-8B04-141C0D47B41F}.Debug|x64.ActiveCfg = Debug|x64
		{F4A9818E-9B4D-4881-8B04-141C0D47B41F}.Debug|x64.Build.0 = Debug|x64
		{F4A9818E-9B4D-4881-8B04-141C0D47B41F}.Debug|x86.ActiveCfg = Debug|Win32
		{F4A9818E-9B4D-4881-8B04-141C0D47B41F}.Debug|x86.Build.0 = Debug|Win32
		{F4A9818E-9B4D-4881-8B04-141C0D47B41F}.Release|x64.ActiveCfg = Release|x64
		{F4A9818E-9B4D-4881-8B04-141C0D47B41F}.Release|x64.Build.0 = Release|x64
		{F4A9818E-9B4D-4881-8B04-141C0D47B41F}.Release|x86.ActiveCfg = Release|Win32
		{F4A9818E-9B4D-4881-8B04-141C0D47B41F}.Release|x86.Build.0 = Release|Win32
		{9357295E-E1F8-43C2-9823-ADF6663EBE2B}.Debug|x64.ActiveCfg = Debug|x64
		{9357295E-E1F8-43C2-9823-ADF6663EBE2B}.Debug|x64.Build.0 = Debug|x64
		{9357295E-E1F8-43C2-9823-ADF6663EBE2B}.Debug|x86.ActiveCfg = Debug|Win32
		{9357295E-E1F8-43C2-9823-ADF6663EBE2B}.Debug|x86.Build.0 = Debug|Win32
		{9357295E-E1F8-43C2-9823-ADF6663EBE2B}.Release|x64.ActiveCfg = Release|x64
		{9357295E-E1F8-43C2-9823-ADF6663EBE2B}.Release|x64.Build.0 = Release|x64
		{9357295E-E1F8-43C2-9823-ADF6663EBE2B}.Release|x86.ActiveCfg = Release|Win32
		{9357295E-E1F8-43C2-9823-ADF6663EBE2B}.Release|x86.Build.0 = Release|Win32
		{E7ECACA5-1E1E-421A-B746-AB57F3891C15}.Debug|x64.ActiveCfg = Debug|x64
		{E7ECACA5-1E1E-421A-B746-AB57F3891C15}.Debug|x64.Build.0 = Debug|x64
		{E7ECACA5-1E1E-421A-B746-AB57F3891C15}.Debug|x86.ActiveCfg = Debug|Win32
		{E7ECACA5-1E1E-421A-B746-AB57F3891C15}.Debug|x86.Build.0 = Debug|Win32
		{E7ECACA5-1E1E-421A-B746-AB57F3891C15}.Release|x64.ActiveCfg = Release|x64
		{E7ECACA5-1E1E-421A-B746-AB57F3891C15}.Release|x64.Build.0 = Release|x64
		{E7ECACA5-1E1E-421A-B746-AB57F3891C15}.Release|x86.ActiveCfg = Release|Win32
		{E7ECACA5-1E1E-421A-B746-AB57F3891C15}.Release|x86.Build.0 = Release|Win32
		{0D05CF9B-5085-4441-A106-641C263ECBBC}.Debug|x64.ActiveCfg = Debug|x64
		{0D05CF9B-5085-4441-A106-641C263ECBBC}.Debug|x64.Build.0 = Debug|x64
		{0D05CF9B-5085-4441-A106-641C263ECBBC}.Debug|x86.ActiveCfg = Debug|Win32
		{0D05CF9B-5085-4441-A106-641C263ECBBC}.Debug|x86.Build.0 = Debug|Win32
		{0D05CF9B-5085-4441-A106-641C263ECBBC}.Release|x64.ActiveCfg = Release|x64
		{0D05CF9B-5085-4441-A106-641C263ECBBC}.Release|x64.Build.0 = Release|x64
		{0D05CF9B-5085-4441-A106-641C263ECBBC}.Release|x86.ActiveCfg = Release|Win32
		{0D05CF9B-5085-4441-A106-641C263ECBBC}.Release|x86.Build.0 = Release|Win32
		{47CEB199-AD7A-479B-992C-2B8C2CDD5EEC}.Debug|x64.ActiveCfg = Debug|x64
		{47CEB199-AD7A-479B-992C-2B8C2CDD5EEC}.Debug|x64.Build.0 = Debug|x64
		{47CEB199-AD7A-479B-992C-2B8C2CDD5EEC}.Debug|x86.ActiveCfg = Debug|Win32
		{47CEB199-AD7A-479B-992C-2B8C2CDD5EEC}.Debug|x86.Build.0 = Debug|Win32
		{47CEB199-AD7A-479B-992C-2B8C2CDD5EEC}.Release|x64.ActiveCfg = Release|x64
		{47CEB199-AD7A-479B-992C-2B8C2CDD5EEC}.Release|x64.Build.0 = Release|x64
		{47CEB199-AD7A-479B-992C-2B8C2CDD5EEC}.Release|x86.ActiveCfg = Release|Win32
		{47CEB199-AD7A-479B-992C-2B8C2CDD5EEC}.Release|x86.Build.0 = Release|Win32
		{A8968C8A-696D-4869-978B-523E8381E879}.Debug|x64.ActiveCfg = Debug|x64
		{A8968C8A-696D-4869-978B-523E8381E879}.Debug|x64.Build.0 = Debug|x64
		{A8968C8A-696D-4869-978B-523E8381E879}.Debug|x86.ActiveCfg = Debug|Win32
		{A8968C8A-696D-4869-978B-523E8381E879}.Debug|x86.Build.0 = Debug|Win32
		{A8968C8A-696D-4869-978B-523E8381E879}.Release|x64.ActiveCfg = Release|x64
		{A8968C8A-696D-4869-978B-523E8381E879}.Release|x64.Build.0 = Release|x64
		{A8968C8A-696D-4869-978B-523E8381E879}.Release|x86.ActiveCfg = Release|Win32
		{A8968C8A-696D-4869-978B-523E8381E879}.Release|x86.Build.0 = Release|Win32
		{757F87FF-BFDE-4F00-9727-546B020CF6DF}.Debug|x64.ActiveCfg = Debug|x64
		{757F87FF-BFDE-4F00-9727-546B020CF6DF}.Debug|x64.Build.0 = Debug|x64
		{757F87FF-BFDE-4F00-9727-546B020CF6DF}.Debug|x86.ActiveCfg = Debug|Win32
		{757F87FF-BFDE-4F00-9727-546B020CF6DF}.Debug|x86.Build.0 = Debug|Win32
		{757F87FF-BFDE-4F00-9727-546B020CF6DF}.Release|x64.ActiveCfg = Release|x64
		{757F87FF-BFDE-4F00-9727-546B020CF6DF}.Release|x64.Build.0 = Release|x64
		{757F87FF-BFDE-4F00-9727-546B020CF6DF}.Release|x86.ActiveCfg = Release|Win32
		{757F87FF-BFDE-4F00-9727-546B020CF6DF}.Release|x86.Build.0 = Release|Win32
		{4623BB2E-D5B7-4D39-8F87-9F994DD8B9A4}.Debug|x64.ActiveCfg = Debug|x64
		{4623BB2E-D5B7-4D39-8F87-9F994DD8B9A4}.Debug|x64.Build.0 = Debug|x64
		{4623BB2E-D5B7-4D39-8F87-9F994DD8B9A4}.Debug|x86.ActiveCfg = Debug|Win32
		{4623BB2E-D5B7-4D39-8F87-9F994DD8B9A4}.Debug|x86.Build.0 = Debug|Win32
		{4623BB2E-D5B7-4D39-8F87-9F994DD8B9A4}.Release|x64.ActiveCfg = Release|x64
		{4623BB2E-D5B7-4D39-8F87-9F994DD8B9A4}.Release|x64.Build.0 = Release|x64
		{4623BB2E-D5B7-4D39-8F87-9F994DD8B9A4}.Release|x86.ActiveCfg = Release|Win32
		{4623BB2E-D5B7-4D39-8F87-9F994DD8B9A4}.Release|x86.Build.0 = Release|Win32
		{E9499BF9-A277-4E6A-957B-5B2FDB57A89E}.Debug|x64.ActiveCfg = Debug|x64
		{E9499BF9-A277-4E6A-957B-5B2FDB57A89E}.Debug|x64.Build.0 = Debug|x64
		{E9499BF9-A277-4E6A-957B-5B2FDB57A89E}.Debug|x86.ActiveCfg = Debug|Win32
		{E9499BF9-A277-4E6A-957B-5B2FDB57A89E}.Debug|x86.Build.0 = Debug|Win32
		{E9499BF9-A277-4E6A-957B-5B2FDB57A89E}.Release|x64.ActiveCfg = Release|x64
		{E9499BF9-A277-4E6A-957B-5B2FDB57A89E}.Release|x64.Build.0 = Release|x64
		{E9499BF9-A277-4E6A-957B-5B2FDB57A89E}.Release|x86.ActiveCfg = Release|Win32
		{E9499BF9-A277-4E6A-957B-5B2FDB57A89E}.Release|x86.Build.0 = Release|Win32
		{703BB327-1E04-4B69-98CF-DB2AEF543D93}.Debug|x64.ActiveCfg = Debug|x64
		{703BB327-1E04-4B69-98CF-DB2AEF543D93}.Debug|x64.Build.0 = Debug|x64
		{703BB327-1E04-4B69-98CF-DB2AEF543D93}.Debug|x86.ActiveCfg = Debug|Win32
		{703BB327-1E04-4B69-98CF-DB2AEF543D93}.Debug|x86.Build.0 = Debug|Win32
		{703BB327-1E04-4B69-98CF-DB2AEF543D93}.Release|x64.ActiveCfg = Release|x64
		{703BB327-1E04-4B69-98CF-DB2AEF543D93}.Release|x64.Build.0 = Release|x64
		{703BB327-1E04-4B69-98CF-DB2AEF543D93}.Release|x86.ActiveCfg = Release|Win32
		{703BB327-1E04-4B69-98CF-DB2AEF543D93}.Release|x86.Build.0 = Release|Win32
		{25FC3897-99AA-4DD1-B892-D49E28694FAA}.Debug|x64.ActiveCfg = Debug|x64
		{25FC3897-99AA-4DD1-B892-D49E28694FAA}.Debug|x64.Build.0 = Debug|x64
		{25FC3897-99AA-4DD1-B892-D49E28694FAA}.Debug|x86.ActiveCfg = Debug|Win32
		{25FC3897-99AA-4DD1-B892-D49E28694FAA}.Debug|x86.Build.0 = Debug|Win32
		{25FC3897-99AA-4DD1-B892-D49E28694FAA}.Release|x64.ActiveCfg = Release|x64
		{25FC3897-99AA-4DD1-B892-D49E28694FAA}.Release|x64.Build.0 = Release|x64
		{25FC3897-99AA-4DD1-B892-D49E28694FAA}.Release|x86.ActiveCfg = Release|Win32
		{25FC3897-99AA-4DD1-B892-D49E28694FAA}.Release|x86.Build.0 = Release|Win32
	EndGlobalSection
	GlobalSection(SolutionProperties) = preSolution
		HideSolutionNode = FALSE
	EndGlobalSection
	GlobalSection(ExtensibilityGlobals) = postSolution
		SolutionGuid = {B915AFC4-E81E-4B02-AC7F-711F6DD2E033}
	EndGlobalSection
EndGlobal
