<?xml version="1.0" encoding="utf-8"?>
<Project ToolsVersion="4.0" xmlns="http://schemas.microsoft.com/developer/msbuild/2003">
  <ItemGroup>
    <ClCompile Include="funcs_definitions_finder.cpp" />
    <ClCompile Include="operator_classifier.cpp" />
    <ClCompile Include="vars_usage_analyzers_factory_default.cpp">
      <Filter>analyzers</Filter>
    </ClCompile>
  </ItemGroup>
  <ItemGroup>
    <ClInclude Include="cursors_storage_threadsafe.h" />
    <ClInclude Include="funcs_definitions_finder.h" />
    <ClInclude Include="clang_funcs_traverser.h" />
    <ClInclude Include="var_usage_conditions.h" />
    <ClInclude Include="local_var_analyzer.h">
      <Filter>analyzers</Filter>
    </ClInclude>
    <ClInclude Include="param_analyzer.h">
      <Filter>analyzers</Filter>
    </ClInclude>
    <ClInclude Include="field_analyzer.h">
      <Filter>analyzers</Filter>
    </ClInclude>
    <ClInclude Include="global_var_analyzer.h">
      <Filter>analyzers</Filter>
    </ClInclude>
    <ClInclude Include="vars_nested_in_condition_finder.h">
      <Filter>analyzers</Filter>
    </ClInclude>
    <ClInclude Include="code_entity_descriptor_creator.h" />
    <ClInclude Include="code_entity_location_creator.h" />
    <ClInclude Include="code_entity_spelling_creator.h" />
    <ClInclude Include="func_descriptor_creator.h" />
    <ClInclude Include="var_descriptor_creator.h" />
    <ClInclude Include="cursor_classifier.h" />
    <ClInclude Include="operator_kind.h" />
    <ClInclude Include="operator_classifier.h" />
    <ClInclude Include="nth_var_nested_in_condition_finder.h">
      <Filter>analyzers</Filter>
    </ClInclude>
    <ClInclude Include="from_nth_vars_nested_in_condition_finder.h">
      <Filter>analyzers</Filter>
    </ClInclude>
    <ClInclude Include="condition_nested_in_local_var_definition_finder.h">
      <Filter>analyzers</Filter>
    </ClInclude>
    <ClInclude Include="condition_analyzer_abstract.h">
      <Filter>analyzers</Filter>
    </ClInclude>
    <ClInclude Include="conditions_analyzers_factory_abstract.h">
      <Filter>analyzers</Filter>
    </ClInclude>
    <ClInclude Include="vars_usage_analyzers_factory_default.h">
      <Filter>analyzers</Filter>
    </ClInclude>
  </ItemGroup>
  <ItemGroup>
    <Filter Include="analyzers">
      <UniqueIdentifier>{74e4f032-965e-440e-8c8b-575f5644eb10}</UniqueIdentifier>
    </Filter>
  </ItemGroup>
</Project>