<?xml version="1.0" encoding="utf-8"?>
<Project ToolsVersion="4.0" xmlns="http://schemas.microsoft.com/developer/msbuild/2003">
  <ItemGroup>
    <ClInclude Include="cmcd_config_parser_abstract.h" />
    <ClInclude Include="cmcd_config.h" />
    <ClInclude Include="cmcd_config_parser_default.h" />
    <ClInclude Include="funcs_analysis_through_count_matrix_factory_abstract.h" />
    <ClInclude Include="funcs_analysis_through_count_matrix_factory_default.h" />
    <ClInclude Include="translation_units_builder.h" />
    <ClInclude Include="funcs_comparing_through_count_matrix_factory_abstract.h" />
    <ClInclude Include="funcs_comparing_through_count_matrix_factory_default.h" />
    <ClInclude Include="funcs_pairwise_comparing_traits.h" />
  </ItemGroup>
  <ItemGroup>
    <ClCompile Include="cmcd_config_parser_default.cpp" />
    <ClCompile Include="funcs_analysis_through_count_matrix_factory_default.cpp" />
    <ClCompile Include="translation_units_builder.cpp" />
    <ClCompile Include="funcs_comparing_through_count_matrix_factory_default.cpp" />
  </ItemGroup>
</Project>