<?xml version="1.0" encoding="utf-8"?>
<Project ToolsVersion="4.0" xmlns="http://schemas.microsoft.com/developer/msbuild/2003">
  <ItemGroup>
    <ClInclude Include="cmcd_config_parser_abstract.h" />
    <ClInclude Include="cmcd_config.h" />
    <ClInclude Include="cmcd_config_parser_default.h" />
    <ClInclude Include="funcs_analysis_through_count_matrix_factory_abstract.h" />
    <ClInclude Include="funcs_analysis_through_count_matrix_factory_default.h" />
    <ClInclude Include="funcs_comparing_through_count_matrix_factory_abstract.h" />
    <ClInclude Include="funcs_comparing_through_count_matrix_factory_default.h" />
    <ClInclude Include="funcs_pairwise_comparing_traits.h" />
    <ClInclude Include="cmcd_results_saver_config.h" />
    <ClInclude Include="cmcd_results_saver_abstract.h" />
    <ClInclude Include="cmcd_results.h" />
    <ClInclude Include="cmcd_results_saver_default.h" />
    <ClInclude Include="clones_filter_abstract.h" />
    <ClInclude Include="funcs_pair_comparing_result.h" />
    <ClInclude Include="funcs_pair_comparing_result_saver_abstract.h" />
    <ClInclude Include="funcs_pair_comparing_result_saver_default.h" />
    <ClInclude Include="clones_filter_default.h" />
    <ClInclude Include="cmcd_results_saver_factory_abstract.h" />
    <ClInclude Include="cmcd_results_saver_factory_default.h" />
    <ClInclude Include="cmcd_facade.h" />
    <ClInclude Include="cmcd_output_provider_abstract.h" />
    <ClInclude Include="cmcd_output_provider_file.h" />
    <ClInclude Include="funcs_clones_analysis_through_cm_app.h" />
  </ItemGroup>
  <ItemGroup>
    <ClCompile Include="cmcd_config_parser_default.cpp" />
    <ClCompile Include="funcs_clones_analysis_through_cm_app.cpp" />
  </ItemGroup>
</Project>