<?xml version="1.0" encoding="utf-8"?>
<Project ToolsVersion="4.0" xmlns="http://schemas.microsoft.com/developer/msbuild/2003">
  <ItemGroup>
    <ClInclude Include="non_const_arithmetic.h" />
    <ClInclude Include="non_const_unsigned_arithmetic.h" />
    <ClInclude Include="pow_throwing.h" />
    <ClInclude Include="non_const_integral.h" />
    <ClInclude Include="parameters_validation.h" />
    <ClInclude Include="relative_similarity.h" />
    <ClInclude Include="strict_weak_order.h" />
    <ClInclude Include="disposable_container.h" />
  </ItemGroup>
</Project>