
Microsoft Visual Studio Solution File, Format Version 12.00
# Visual Studio Version 17
VisualStudioVersion = 17.9.34723.18
MinimumVisualStudioVersion = 10.0.40219.1
Project("{8BC9CEB8-8B4A-11D0-8D11-00A0C91BC942}") = "TestLib", "TestLib\TestLib.vcxproj", "{BA37779D-4C0D-43D1-83AD-74FA841133FE}"
EndProject
Project("{8BC9CEB8-8B4A-11D0-8D11-00A0C91BC942}") = "TestClrLibrary", "TestClrLibrary\TestClrLibrary.vcxproj", "{10F1A047-CA80-4A43-8C5F-2441DE92495A}"
EndProject
Project("{9A19103F-16F7-4668-BE54-9A1E7A4F7556}") = "FileStorageSystem", "FileStorageSystem\FileStorageSystem.csproj", "{2C9F98A3-A65B-423F-947A-6714CF3D7B0F}"
EndProject
Project("{9A19103F-16F7-4668-BE54-9A1E7A4F7556}") = "CodeMetaDataComparator", "MetaDataComparator\CodeMetaDataComparator.csproj", "{A7D634C7-7842-467B-85B9-EE2F7FC77484}"
EndProject
Project("{9A19103F-16F7-4668-BE54-9A1E7A4F7556}") = "CodeMetaData", "CodeMetaData\CodeMetaData.csproj", "{7E41481C-B8ED-4CF3-A31E-EAC1970C267A}"
EndProject
Project("{9A19103F-16F7-4668-BE54-9A1E7A4F7556}") = "Exceptions", "Exceptions\Exceptions.csproj", "{4F95BEE1-4C56-4014-B4F2-5ACDFD7CBD03}"
EndProject
Project("{9A19103F-16F7-4668-BE54-9A1E7A4F7556}") = "FileCodeMetaDataHandler", "FileCodeMetaDataHandler\FileCodeMetaDataHandler.csproj", "{F373A47E-423A-42EE-A064-0F96F9F02563}"
EndProject
Project("{9A19103F-16F7-4668-BE54-9A1E7A4F7556}") = "TestFilesServices", "TestFilesServices\TestFilesServices.csproj", "{34287C0C-6FAE-4451-96BD-46A86F588E36}"
EndProject
Project("{9A19103F-16F7-4668-BE54-9A1E7A4F7556}") = "CodeMetaDataSerializer", "CodeMetaDataSerializer\CodeMetaDataSerializer.csproj", "{A9B6A6FE-5EE6-4C9D-9B2D-AEE9CCFE2C05}"
EndProject
Project("{9A19103F-16F7-4668-BE54-9A1E7A4F7556}") = "CodeMetaDataConverter", "ConverterMetaData\CodeMetaDataConverter.csproj", "{2FFA4924-C572-4A59-827E-30003C084DFA}"
EndProject
Project("{9A19103F-16F7-4668-BE54-9A1E7A4F7556}") = "FileStorageConverter", "FileStorageConverter\FileStorageConverter.csproj", "{26AA8148-60C2-4DBC-8C43-40096C54EDB6}"
EndProject
Project("{9A19103F-16F7-4668-BE54-9A1E7A4F7556}") = "FileStorageSerializer", "FileStorageSerializer\FileStorageSerializer.csproj", "{7DF03454-C388-412E-B63D-430856D002A0}"
EndProject
Project("{9A19103F-16F7-4668-BE54-9A1E7A4F7556}") = "CodeMetaDataHandler", "CodeMetaDataHandler\CodeMetaDataHandler.csproj", "{8363339D-7E54-41F8-9395-5860CBA8598B}"
EndProject
Project("{9A19103F-16F7-4668-BE54-9A1E7A4F7556}") = "FileStorageSystemHandler", "FileStorageSystemHandler\FileStorageSystemHandler.csproj", "{BA25AD5E-C863-433B-A360-55EE33851FE1}"
EndProject
Global
	GlobalSection(SolutionConfigurationPlatforms) = preSolution
		Debug|Any CPU = Debug|Any CPU
		Debug|x64 = Debug|x64
		Debug|x86 = Debug|x86
		Release|Any CPU = Release|Any CPU
		Release|x64 = Release|x64
		Release|x86 = Release|x86
	EndGlobalSection
	GlobalSection(ProjectConfigurationPlatforms) = postSolution
		{BA37779D-4C0D-43D1-83AD-74FA841133FE}.Debug|Any CPU.ActiveCfg = Debug|x64
		{BA37779D-4C0D-43D1-83AD-74FA841133FE}.Debug|Any CPU.Build.0 = Debug|x64
		{BA37779D-4C0D-43D1-83AD-74FA841133FE}.Debug|x64.ActiveCfg = Debug|x64
		{BA37779D-4C0D-43D1-83AD-74FA841133FE}.Debug|x64.Build.0 = Debug|x64
		{BA37779D-4C0D-43D1-83AD-74FA841133FE}.Debug|x86.ActiveCfg = Debug|Win32
		{BA37779D-4C0D-43D1-83AD-74FA841133FE}.Debug|x86.Build.0 = Debug|Win32
		{BA37779D-4C0D-43D1-83AD-74FA841133FE}.Release|Any CPU.ActiveCfg = Release|x64
		{BA37779D-4C0D-43D1-83AD-74FA841133FE}.Release|Any CPU.Build.0 = Release|x64
		{BA37779D-4C0D-43D1-83AD-74FA841133FE}.Release|x64.ActiveCfg = Release|x64
		{BA37779D-4C0D-43D1-83AD-74FA841133FE}.Release|x64.Build.0 = Release|x64
		{BA37779D-4C0D-43D1-83AD-74FA841133FE}.Release|x86.ActiveCfg = Release|Win32
		{BA37779D-4C0D-43D1-83AD-74FA841133FE}.Release|x86.Build.0 = Release|Win32
		{10F1A047-CA80-4A43-8C5F-2441DE92495A}.Debug|Any CPU.ActiveCfg = Debug|x64
		{10F1A047-CA80-4A43-8C5F-2441DE92495A}.Debug|Any CPU.Build.0 = Debug|x64
		{10F1A047-CA80-4A43-8C5F-2441DE92495A}.Debug|x64.ActiveCfg = Debug|x64
		{10F1A047-CA80-4A43-8C5F-2441DE92495A}.Debug|x64.Build.0 = Debug|x64
		{10F1A047-CA80-4A43-8C5F-2441DE92495A}.Debug|x86.ActiveCfg = Debug|Win32
		{10F1A047-CA80-4A43-8C5F-2441DE92495A}.Debug|x86.Build.0 = Debug|Win32
		{10F1A047-CA80-4A43-8C5F-2441DE92495A}.Release|Any CPU.ActiveCfg = Release|x64
		{10F1A047-CA80-4A43-8C5F-2441DE92495A}.Release|Any CPU.Build.0 = Release|x64
		{10F1A047-CA80-4A43-8C5F-2441DE92495A}.Release|x64.ActiveCfg = Release|x64
		{10F1A047-CA80-4A43-8C5F-2441DE92495A}.Release|x64.Build.0 = Release|x64
		{10F1A047-CA80-4A43-8C5F-2441DE92495A}.Release|x86.ActiveCfg = Release|Win32
		{10F1A047-CA80-4A43-8C5F-2441DE92495A}.Release|x86.Build.0 = Release|Win32
		{2C9F98A3-A65B-423F-947A-6714CF3D7B0F}.Debug|Any CPU.ActiveCfg = Debug|Any CPU
		{2C9F98A3-A65B-423F-947A-6714CF3D7B0F}.Debug|Any CPU.Build.0 = Debug|Any CPU
		{2C9F98A3-A65B-423F-947A-6714CF3D7B0F}.Debug|x64.ActiveCfg = Debug|Any CPU
		{2C9F98A3-A65B-423F-947A-6714CF3D7B0F}.Debug|x64.Build.0 = Debug|Any CPU
		{2C9F98A3-A65B-423F-947A-6714CF3D7B0F}.Debug|x86.ActiveCfg = Debug|Any CPU
		{2C9F98A3-A65B-423F-947A-6714CF3D7B0F}.Debug|x86.Build.0 = Debug|Any CPU
		{2C9F98A3-A65B-423F-947A-6714CF3D7B0F}.Release|Any CPU.ActiveCfg = Release|Any CPU
		{2C9F98A3-A65B-423F-947A-6714CF3D7B0F}.Release|Any CPU.Build.0 = Release|Any CPU
		{2C9F98A3-A65B-423F-947A-6714CF3D7B0F}.Release|x64.ActiveCfg = Release|Any CPU
		{2C9F98A3-A65B-423F-947A-6714CF3D7B0F}.Release|x64.Build.0 = Release|Any CPU
		{2C9F98A3-A65B-423F-947A-6714CF3D7B0F}.Release|x86.ActiveCfg = Release|Any CPU
		{2C9F98A3-A65B-423F-947A-6714CF3D7B0F}.Release|x86.Build.0 = Release|Any CPU
		{A7D634C7-7842-467B-85B9-EE2F7FC77484}.Debug|Any CPU.ActiveCfg = Debug|Any CPU
		{A7D634C7-7842-467B-85B9-EE2F7FC77484}.Debug|Any CPU.Build.0 = Debug|Any CPU
		{A7D634C7-7842-467B-85B9-EE2F7FC77484}.Debug|x64.ActiveCfg = Debug|Any CPU
		{A7D634C7-7842-467B-85B9-EE2F7FC77484}.Debug|x64.Build.0 = Debug|Any CPU
		{A7D634C7-7842-467B-85B9-EE2F7FC77484}.Debug|x86.ActiveCfg = Debug|Any CPU
		{A7D634C7-7842-467B-85B9-EE2F7FC77484}.Debug|x86.Build.0 = Debug|Any CPU
		{A7D634C7-7842-467B-85B9-EE2F7FC77484}.Release|Any CPU.ActiveCfg = Release|Any CPU
		{A7D634C7-7842-467B-85B9-EE2F7FC77484}.Release|Any CPU.Build.0 = Release|Any CPU
		{A7D634C7-7842-467B-85B9-EE2F7FC77484}.Release|x64.ActiveCfg = Release|Any CPU
		{A7D634C7-7842-467B-85B9-EE2F7FC77484}.Release|x64.Build.0 = Release|Any CPU
		{A7D634C7-7842-467B-85B9-EE2F7FC77484}.Release|x86.ActiveCfg = Release|Any CPU
		{A7D634C7-7842-467B-85B9-EE2F7FC77484}.Release|x86.Build.0 = Release|Any CPU
		{7E41481C-B8ED-4CF3-A31E-EAC1970C267A}.Debug|Any CPU.ActiveCfg = Debug|Any CPU
		{7E41481C-B8ED-4CF3-A31E-EAC1970C267A}.Debug|Any CPU.Build.0 = Debug|Any CPU
		{7E41481C-B8ED-4CF3-A31E-EAC1970C267A}.Debug|x64.ActiveCfg = Debug|Any CPU
		{7E41481C-B8ED-4CF3-A31E-EAC1970C267A}.Debug|x64.Build.0 = Debug|Any CPU
		{7E41481C-B8ED-4CF3-A31E-EAC1970C267A}.Debug|x86.ActiveCfg = Debug|Any CPU
		{7E41481C-B8ED-4CF3-A31E-EAC1970C267A}.Debug|x86.Build.0 = Debug|Any CPU
		{7E41481C-B8ED-4CF3-A31E-EAC1970C267A}.Release|Any CPU.ActiveCfg = Release|Any CPU
		{7E41481C-B8ED-4CF3-A31E-EAC1970C267A}.Release|Any CPU.Build.0 = Release|Any CPU
		{7E41481C-B8ED-4CF3-A31E-EAC1970C267A}.Release|x64.ActiveCfg = Release|Any CPU
		{7E41481C-B8ED-4CF3-A31E-EAC1970C267A}.Release|x64.Build.0 = Release|Any CPU
		{7E41481C-B8ED-4CF3-A31E-EAC1970C267A}.Release|x86.ActiveCfg = Release|Any CPU
		{7E41481C-B8ED-4CF3-A31E-EAC1970C267A}.Release|x86.Build.0 = Release|Any CPU
		{4F95BEE1-4C56-4014-B4F2-5ACDFD7CBD03}.Debug|Any CPU.ActiveCfg = Debug|Any CPU
		{4F95BEE1-4C56-4014-B4F2-5ACDFD7CBD03}.Debug|Any CPU.Build.0 = Debug|Any CPU
		{4F95BEE1-4C56-4014-B4F2-5ACDFD7CBD03}.Debug|x64.ActiveCfg = Debug|Any CPU
		{4F95BEE1-4C56-4014-B4F2-5ACDFD7CBD03}.Debug|x64.Build.0 = Debug|Any CPU
		{4F95BEE1-4C56-4014-B4F2-5ACDFD7CBD03}.Debug|x86.ActiveCfg = Debug|Any CPU
		{4F95BEE1-4C56-4014-B4F2-5ACDFD7CBD03}.Debug|x86.Build.0 = Debug|Any CPU
		{4F95BEE1-4C56-4014-B4F2-5ACDFD7CBD03}.Release|Any CPU.ActiveCfg = Release|Any CPU
		{4F95BEE1-4C56-4014-B4F2-5ACDFD7CBD03}.Release|Any CPU.Build.0 = Release|Any CPU
		{4F95BEE1-4C56-4014-B4F2-5ACDFD7CBD03}.Release|x64.ActiveCfg = Release|Any CPU
		{4F95BEE1-4C56-4014-B4F2-5ACDFD7CBD03}.Release|x64.Build.0 = Release|Any CPU
		{4F95BEE1-4C56-4014-B4F2-5ACDFD7CBD03}.Release|x86.ActiveCfg = Release|Any CPU
		{4F95BEE1-4C56-4014-B4F2-5ACDFD7CBD03}.Release|x86.Build.0 = Release|Any CPU
		{F373A47E-423A-42EE-A064-0F96F9F02563}.Debug|Any CPU.ActiveCfg = Debug|Any CPU
		{F373A47E-423A-42EE-A064-0F96F9F02563}.Debug|Any CPU.Build.0 = Debug|Any CPU
		{F373A47E-423A-42EE-A064-0F96F9F02563}.Debug|x64.ActiveCfg = Debug|Any CPU
		{F373A47E-423A-42EE-A064-0F96F9F02563}.Debug|x64.Build.0 = Debug|Any CPU
		{F373A47E-423A-42EE-A064-0F96F9F02563}.Debug|x86.ActiveCfg = Debug|Any CPU
		{F373A47E-423A-42EE-A064-0F96F9F02563}.Debug|x86.Build.0 = Debug|Any CPU
		{F373A47E-423A-42EE-A064-0F96F9F02563}.Release|Any CPU.ActiveCfg = Release|Any CPU
		{F373A47E-423A-42EE-A064-0F96F9F02563}.Release|Any CPU.Build.0 = Release|Any CPU
		{F373A47E-423A-42EE-A064-0F96F9F02563}.Release|x64.ActiveCfg = Release|Any CPU
		{F373A47E-423A-42EE-A064-0F96F9F02563}.Release|x64.Build.0 = Release|Any CPU
		{F373A47E-423A-42EE-A064-0F96F9F02563}.Release|x86.ActiveCfg = Release|Any CPU
		{F373A47E-423A-42EE-A064-0F96F9F02563}.Release|x86.Build.0 = Release|Any CPU
		{34287C0C-6FAE-4451-96BD-46A86F588E36}.Debug|Any CPU.ActiveCfg = Debug|Any CPU
		{34287C0C-6FAE-4451-96BD-46A86F588E36}.Debug|Any CPU.Build.0 = Debug|Any CPU
		{34287C0C-6FAE-4451-96BD-46A86F588E36}.Debug|x64.ActiveCfg = Debug|Any CPU
		{34287C0C-6FAE-4451-96BD-46A86F588E36}.Debug|x64.Build.0 = Debug|Any CPU
		{34287C0C-6FAE-4451-96BD-46A86F588E36}.Debug|x86.ActiveCfg = Debug|Any CPU
		{34287C0C-6FAE-4451-96BD-46A86F588E36}.Debug|x86.Build.0 = Debug|Any CPU
		{34287C0C-6FAE-4451-96BD-46A86F588E36}.Release|Any CPU.ActiveCfg = Release|Any CPU
		{34287C0C-6FAE-4451-96BD-46A86F588E36}.Release|Any CPU.Build.0 = Release|Any CPU
		{34287C0C-6FAE-4451-96BD-46A86F588E36}.Release|x64.ActiveCfg = Release|Any CPU
		{34287C0C-6FAE-4451-96BD-46A86F588E36}.Release|x64.Build.0 = Release|Any CPU
		{34287C0C-6FAE-4451-96BD-46A86F588E36}.Release|x86.ActiveCfg = Release|Any CPU
		{34287C0C-6FAE-4451-96BD-46A86F588E36}.Release|x86.Build.0 = Release|Any CPU
		{A9B6A6FE-5EE6-4C9D-9B2D-AEE9CCFE2C05}.Debug|Any CPU.ActiveCfg = Debug|Any CPU
		{A9B6A6FE-5EE6-4C9D-9B2D-AEE9CCFE2C05}.Debug|Any CPU.Build.0 = Debug|Any CPU
		{A9B6A6FE-5EE6-4C9D-9B2D-AEE9CCFE2C05}.Debug|x64.ActiveCfg = Debug|Any CPU
		{A9B6A6FE-5EE6-4C9D-9B2D-AEE9CCFE2C05}.Debug|x64.Build.0 = Debug|Any CPU
		{A9B6A6FE-5EE6-4C9D-9B2D-AEE9CCFE2C05}.Debug|x86.ActiveCfg = Debug|Any CPU
		{A9B6A6FE-5EE6-4C9D-9B2D-AEE9CCFE2C05}.Debug|x86.Build.0 = Debug|Any CPU
		{A9B6A6FE-5EE6-4C9D-9B2D-AEE9CCFE2C05}.Release|Any CPU.ActiveCfg = Release|Any CPU
		{A9B6A6FE-5EE6-4C9D-9B2D-AEE9CCFE2C05}.Release|Any CPU.Build.0 = Release|Any CPU
		{A9B6A6FE-5EE6-4C9D-9B2D-AEE9CCFE2C05}.Release|x64.ActiveCfg = Release|Any CPU
		{A9B6A6FE-5EE6-4C9D-9B2D-AEE9CCFE2C05}.Release|x64.Build.0 = Release|Any CPU
		{A9B6A6FE-5EE6-4C9D-9B2D-AEE9CCFE2C05}.Release|x86.ActiveCfg = Release|Any CPU
		{A9B6A6FE-5EE6-4C9D-9B2D-AEE9CCFE2C05}.Release|x86.Build.0 = Release|Any CPU
		{2FFA4924-C572-4A59-827E-30003C084DFA}.Debug|Any CPU.ActiveCfg = Debug|Any CPU
		{2FFA4924-C572-4A59-827E-30003C084DFA}.Debug|Any CPU.Build.0 = Debug|Any CPU
		{2FFA4924-C572-4A59-827E-30003C084DFA}.Debug|x64.ActiveCfg = Debug|Any CPU
		{2FFA4924-C572-4A59-827E-30003C084DFA}.Debug|x64.Build.0 = Debug|Any CPU
		{2FFA4924-C572-4A59-827E-30003C084DFA}.Debug|x86.ActiveCfg = Debug|Any CPU
		{2FFA4924-C572-4A59-827E-30003C084DFA}.Debug|x86.Build.0 = Debug|Any CPU
		{2FFA4924-C572-4A59-827E-30003C084DFA}.Release|Any CPU.ActiveCfg = Release|Any CPU
		{2FFA4924-C572-4A59-827E-30003C084DFA}.Release|Any CPU.Build.0 = Release|Any CPU
		{2FFA4924-C572-4A59-827E-30003C084DFA}.Release|x64.ActiveCfg = Release|Any CPU
		{2FFA4924-C572-4A59-827E-30003C084DFA}.Release|x64.Build.0 = Release|Any CPU
		{2FFA4924-C572-4A59-827E-30003C084DFA}.Release|x86.ActiveCfg = Release|Any CPU
		{2FFA4924-C572-4A59-827E-30003C084DFA}.Release|x86.Build.0 = Release|Any CPU
		{26AA8148-60C2-4DBC-8C43-40096C54EDB6}.Debug|Any CPU.ActiveCfg = Debug|Any CPU
		{26AA8148-60C2-4DBC-8C43-40096C54EDB6}.Debug|Any CPU.Build.0 = Debug|Any CPU
		{26AA8148-60C2-4DBC-8C43-40096C54EDB6}.Debug|x64.ActiveCfg = Debug|Any CPU
		{26AA8148-60C2-4DBC-8C43-40096C54EDB6}.Debug|x64.Build.0 = Debug|Any CPU
		{26AA8148-60C2-4DBC-8C43-40096C54EDB6}.Debug|x86.ActiveCfg = Debug|Any CPU
		{26AA8148-60C2-4DBC-8C43-40096C54EDB6}.Debug|x86.Build.0 = Debug|Any CPU
		{26AA8148-60C2-4DBC-8C43-40096C54EDB6}.Release|Any CPU.ActiveCfg = Release|Any CPU
		{26AA8148-60C2-4DBC-8C43-40096C54EDB6}.Release|Any CPU.Build.0 = Release|Any CPU
		{26AA8148-60C2-4DBC-8C43-40096C54EDB6}.Release|x64.ActiveCfg = Release|Any CPU
		{26AA8148-60C2-4DBC-8C43-40096C54EDB6}.Release|x64.Build.0 = Release|Any CPU
		{26AA8148-60C2-4DBC-8C43-40096C54EDB6}.Release|x86.ActiveCfg = Release|Any CPU
		{26AA8148-60C2-4DBC-8C43-40096C54EDB6}.Release|x86.Build.0 = Release|Any CPU
		{7DF03454-C388-412E-B63D-430856D002A0}.Debug|Any CPU.ActiveCfg = Debug|Any CPU
		{7DF03454-C388-412E-B63D-430856D002A0}.Debug|Any CPU.Build.0 = Debug|Any CPU
		{7DF03454-C388-412E-B63D-430856D002A0}.Debug|x64.ActiveCfg = Debug|Any CPU
		{7DF03454-C388-412E-B63D-430856D002A0}.Debug|x64.Build.0 = Debug|Any CPU
		{7DF03454-C388-412E-B63D-430856D002A0}.Debug|x86.ActiveCfg = Debug|Any CPU
		{7DF03454-C388-412E-B63D-430856D002A0}.Debug|x86.Build.0 = Debug|Any CPU
		{7DF03454-C388-412E-B63D-430856D002A0}.Release|Any CPU.ActiveCfg = Release|Any CPU
		{7DF03454-C388-412E-B63D-430856D002A0}.Release|Any CPU.Build.0 = Release|Any CPU
		{7DF03454-C388-412E-B63D-430856D002A0}.Release|x64.ActiveCfg = Release|Any CPU
		{7DF03454-C388-412E-B63D-430856D002A0}.Release|x64.Build.0 = Release|Any CPU
		{7DF03454-C388-412E-B63D-430856D002A0}.Release|x86.ActiveCfg = Release|Any CPU
		{7DF03454-C388-412E-B63D-430856D002A0}.Release|x86.Build.0 = Release|Any CPU
		{8363339D-7E54-41F8-9395-5860CBA8598B}.Debug|Any CPU.ActiveCfg = Debug|Any CPU
		{8363339D-7E54-41F8-9395-5860CBA8598B}.Debug|Any CPU.Build.0 = Debug|Any CPU
		{8363339D-7E54-41F8-9395-5860CBA8598B}.Debug|x64.ActiveCfg = Debug|Any CPU
		{8363339D-7E54-41F8-9395-5860CBA8598B}.Debug|x64.Build.0 = Debug|Any CPU
		{8363339D-7E54-41F8-9395-5860CBA8598B}.Debug|x86.ActiveCfg = Debug|Any CPU
		{8363339D-7E54-41F8-9395-5860CBA8598B}.Debug|x86.Build.0 = Debug|Any CPU
		{8363339D-7E54-41F8-9395-5860CBA8598B}.Release|Any CPU.ActiveCfg = Release|Any CPU
		{8363339D-7E54-41F8-9395-5860CBA8598B}.Release|Any CPU.Build.0 = Release|Any CPU
		{8363339D-7E54-41F8-9395-5860CBA8598B}.Release|x64.ActiveCfg = Release|Any CPU
		{8363339D-7E54-41F8-9395-5860CBA8598B}.Release|x64.Build.0 = Release|Any CPU
		{8363339D-7E54-41F8-9395-5860CBA8598B}.Release|x86.ActiveCfg = Release|Any CPU
		{8363339D-7E54-41F8-9395-5860CBA8598B}.Release|x86.Build.0 = Release|Any CPU
		{BA25AD5E-C863-433B-A360-55EE33851FE1}.Debug|Any CPU.ActiveCfg = Debug|Any CPU
		{BA25AD5E-C863-433B-A360-55EE33851FE1}.Debug|Any CPU.Build.0 = Debug|Any CPU
		{BA25AD5E-C863-433B-A360-55EE33851FE1}.Debug|x64.ActiveCfg = Debug|Any CPU
		{BA25AD5E-C863-433B-A360-55EE33851FE1}.Debug|x64.Build.0 = Debug|Any CPU
		{BA25AD5E-C863-433B-A360-55EE33851FE1}.Debug|x86.ActiveCfg = Debug|Any CPU
		{BA25AD5E-C863-433B-A360-55EE33851FE1}.Debug|x86.Build.0 = Debug|Any CPU
		{BA25AD5E-C863-433B-A360-55EE33851FE1}.Release|Any CPU.ActiveCfg = Release|Any CPU
		{BA25AD5E-C863-433B-A360-55EE33851FE1}.Release|Any CPU.Build.0 = Release|Any CPU
		{BA25AD5E-C863-433B-A360-55EE33851FE1}.Release|x64.ActiveCfg = Release|Any CPU
		{BA25AD5E-C863-433B-A360-55EE33851FE1}.Release|x64.Build.0 = Release|Any CPU
		{BA25AD5E-C863-433B-A360-55EE33851FE1}.Release|x86.ActiveCfg = Release|Any CPU
		{BA25AD5E-C863-433B-A360-55EE33851FE1}.Release|x86.Build.0 = Release|Any CPU
	EndGlobalSection
	GlobalSection(SolutionProperties) = preSolution
		HideSolutionNode = FALSE
	EndGlobalSection
	GlobalSection(ExtensibilityGlobals) = postSolution
		SolutionGuid = {27CB60E9-0DBF-4FC7-A91B-32B6B588ECA6}
	EndGlobalSection
EndGlobal
