
Microsoft Visual Studio Solution File, Format Version 12.00
# Visual Studio Version 17
VisualStudioVersion = 17.9.34723.18
MinimumVisualStudioVersion = 10.0.40219.1
Project("{FAE04EC0-301F-11D3-BF4B-00C04F79EFBC}") = "FilesServices", "FilesServices\FilesServices.csproj", "{AAC644A5-F743-4F05-8BA5-2C868507436F}"
EndProject
Project("{FAE04EC0-301F-11D3-BF4B-00C04F79EFBC}") = "MetaDataCreator", "MetaDataCreator\MetaDataCreator.csproj", "{AB3AD503-F674-4119-9A1C-E4B59F6A7958}"
EndProject
Project("{FAE04EC0-301F-11D3-BF4B-00C04F79EFBC}") = "MetaDataComparator", "MetaDataComparator\MetaDataComparator.csproj", "{1E71EA28-6573-4A0D-B170-0D1D4F2AA611}"
EndProject
Project("{FAE04EC0-301F-11D3-BF4B-00C04F79EFBC}") = "TestServices", "TestServices\TestServices.csproj", "{96636301-E7D2-4041-BF34-84335FCC52E7}"
EndProject
Project("{8BC9CEB8-8B4A-11D0-8D11-00A0C91BC942}") = "TestLib", "TestLib\TestLib.vcxproj", "{BA37779D-4C0D-43D1-83AD-74FA841133FE}"
EndProject
Project("{8BC9CEB8-8B4A-11D0-8D11-00A0C91BC942}") = "TestClrLibrary", "TestClrLibrary\TestClrLibrary.vcxproj", "{10F1A047-CA80-4A43-8C5F-2441DE92495A}"
EndProject
Project("{8BC9CEB8-8B4A-11D0-8D11-00A0C91BC942}") = "CountMatrixWrapper", "CountMatrixWrapper\CountMatrixWrapper.vcxproj", "{E74B1C2B-52A1-424E-A641-3274D0CC596A}"
EndProject
Global
	GlobalSection(SolutionConfigurationPlatforms) = preSolution
		Debug|Any CPU = Debug|Any CPU
		Debug|x64 = Debug|x64
		Debug|x86 = Debug|x86
		Release|Any CPU = Release|Any CPU
		Release|x64 = Release|x64
		Release|x86 = Release|x86
	EndGlobalSection
	GlobalSection(ProjectConfigurationPlatforms) = postSolution
		{AAC644A5-F743-4F05-8BA5-2C868507436F}.Debug|Any CPU.ActiveCfg = Debug|Any CPU
		{AAC644A5-F743-4F05-8BA5-2C868507436F}.Debug|Any CPU.Build.0 = Debug|Any CPU
		{AAC644A5-F743-4F05-8BA5-2C868507436F}.Debug|x64.ActiveCfg = Debug|Any CPU
		{AAC644A5-F743-4F05-8BA5-2C868507436F}.Debug|x64.Build.0 = Debug|Any CPU
		{AAC644A5-F743-4F05-8BA5-2C868507436F}.Debug|x86.ActiveCfg = Debug|Any CPU
		{AAC644A5-F743-4F05-8BA5-2C868507436F}.Debug|x86.Build.0 = Debug|Any CPU
		{AAC644A5-F743-4F05-8BA5-2C868507436F}.Release|Any CPU.ActiveCfg = Release|Any CPU
		{AAC644A5-F743-4F05-8BA5-2C868507436F}.Release|Any CPU.Build.0 = Release|Any CPU
		{AAC644A5-F743-4F05-8BA5-2C868507436F}.Release|x64.ActiveCfg = Release|Any CPU
		{AAC644A5-F743-4F05-8BA5-2C868507436F}.Release|x64.Build.0 = Release|Any CPU
		{AAC644A5-F743-4F05-8BA5-2C868507436F}.Release|x86.ActiveCfg = Release|Any CPU
		{AAC644A5-F743-4F05-8BA5-2C868507436F}.Release|x86.Build.0 = Release|Any CPU
		{AB3AD503-F674-4119-9A1C-E4B59F6A7958}.Debug|Any CPU.ActiveCfg = Debug|Any CPU
		{AB3AD503-F674-4119-9A1C-E4B59F6A7958}.Debug|Any CPU.Build.0 = Debug|Any CPU
		{AB3AD503-F674-4119-9A1C-E4B59F6A7958}.Debug|x64.ActiveCfg = Debug|Any CPU
		{AB3AD503-F674-4119-9A1C-E4B59F6A7958}.Debug|x64.Build.0 = Debug|Any CPU
		{AB3AD503-F674-4119-9A1C-E4B59F6A7958}.Debug|x86.ActiveCfg = Debug|Any CPU
		{AB3AD503-F674-4119-9A1C-E4B59F6A7958}.Debug|x86.Build.0 = Debug|Any CPU
		{AB3AD503-F674-4119-9A1C-E4B59F6A7958}.Release|Any CPU.ActiveCfg = Release|Any CPU
		{AB3AD503-F674-4119-9A1C-E4B59F6A7958}.Release|Any CPU.Build.0 = Release|Any CPU
		{AB3AD503-F674-4119-9A1C-E4B59F6A7958}.Release|x64.ActiveCfg = Release|Any CPU
		{AB3AD503-F674-4119-9A1C-E4B59F6A7958}.Release|x64.Build.0 = Release|Any CPU
		{AB3AD503-F674-4119-9A1C-E4B59F6A7958}.Release|x86.ActiveCfg = Release|Any CPU
		{AB3AD503-F674-4119-9A1C-E4B59F6A7958}.Release|x86.Build.0 = Release|Any CPU
		{1E71EA28-6573-4A0D-B170-0D1D4F2AA611}.Debug|Any CPU.ActiveCfg = Debug|Any CPU
		{1E71EA28-6573-4A0D-B170-0D1D4F2AA611}.Debug|Any CPU.Build.0 = Debug|Any CPU
		{1E71EA28-6573-4A0D-B170-0D1D4F2AA611}.Debug|x64.ActiveCfg = Debug|Any CPU
		{1E71EA28-6573-4A0D-B170-0D1D4F2AA611}.Debug|x64.Build.0 = Debug|Any CPU
		{1E71EA28-6573-4A0D-B170-0D1D4F2AA611}.Debug|x86.ActiveCfg = Debug|Any CPU
		{1E71EA28-6573-4A0D-B170-0D1D4F2AA611}.Debug|x86.Build.0 = Debug|Any CPU
		{1E71EA28-6573-4A0D-B170-0D1D4F2AA611}.Release|Any CPU.ActiveCfg = Release|Any CPU
		{1E71EA28-6573-4A0D-B170-0D1D4F2AA611}.Release|Any CPU.Build.0 = Release|Any CPU
		{1E71EA28-6573-4A0D-B170-0D1D4F2AA611}.Release|x64.ActiveCfg = Release|Any CPU
		{1E71EA28-6573-4A0D-B170-0D1D4F2AA611}.Release|x64.Build.0 = Release|Any CPU
		{1E71EA28-6573-4A0D-B170-0D1D4F2AA611}.Release|x86.ActiveCfg = Release|Any CPU
		{1E71EA28-6573-4A0D-B170-0D1D4F2AA611}.Release|x86.Build.0 = Release|Any CPU
		{96636301-E7D2-4041-BF34-84335FCC52E7}.Debug|Any CPU.ActiveCfg = Debug|Any CPU
		{96636301-E7D2-4041-BF34-84335FCC52E7}.Debug|Any CPU.Build.0 = Debug|Any CPU
		{96636301-E7D2-4041-BF34-84335FCC52E7}.Debug|x64.ActiveCfg = Debug|Any CPU
		{96636301-E7D2-4041-BF34-84335FCC52E7}.Debug|x64.Build.0 = Debug|Any CPU
		{96636301-E7D2-4041-BF34-84335FCC52E7}.Debug|x86.ActiveCfg = Debug|Any CPU
		{96636301-E7D2-4041-BF34-84335FCC52E7}.Debug|x86.Build.0 = Debug|Any CPU
		{96636301-E7D2-4041-BF34-84335FCC52E7}.Release|Any CPU.ActiveCfg = Release|Any CPU
		{96636301-E7D2-4041-BF34-84335FCC52E7}.Release|Any CPU.Build.0 = Release|Any CPU
		{96636301-E7D2-4041-BF34-84335FCC52E7}.Release|x64.ActiveCfg = Release|Any CPU
		{96636301-E7D2-4041-BF34-84335FCC52E7}.Release|x64.Build.0 = Release|Any CPU
		{96636301-E7D2-4041-BF34-84335FCC52E7}.Release|x86.ActiveCfg = Release|Any CPU
		{96636301-E7D2-4041-BF34-84335FCC52E7}.Release|x86.Build.0 = Release|Any CPU
		{BA37779D-4C0D-43D1-83AD-74FA841133FE}.Debug|Any CPU.ActiveCfg = Debug|x64
		{BA37779D-4C0D-43D1-83AD-74FA841133FE}.Debug|Any CPU.Build.0 = Debug|x64
		{BA37779D-4C0D-43D1-83AD-74FA841133FE}.Debug|x64.ActiveCfg = Debug|x64
		{BA37779D-4C0D-43D1-83AD-74FA841133FE}.Debug|x64.Build.0 = Debug|x64
		{BA37779D-4C0D-43D1-83AD-74FA841133FE}.Debug|x86.ActiveCfg = Debug|Win32
		{BA37779D-4C0D-43D1-83AD-74FA841133FE}.Debug|x86.Build.0 = Debug|Win32
		{BA37779D-4C0D-43D1-83AD-74FA841133FE}.Release|Any CPU.ActiveCfg = Release|x64
		{BA37779D-4C0D-43D1-83AD-74FA841133FE}.Release|Any CPU.Build.0 = Release|x64
		{BA37779D-4C0D-43D1-83AD-74FA841133FE}.Release|x64.ActiveCfg = Release|x64
		{BA37779D-4C0D-43D1-83AD-74FA841133FE}.Release|x64.Build.0 = Release|x64
		{BA37779D-4C0D-43D1-83AD-74FA841133FE}.Release|x86.ActiveCfg = Release|Win32
		{BA37779D-4C0D-43D1-83AD-74FA841133FE}.Release|x86.Build.0 = Release|Win32
		{10F1A047-CA80-4A43-8C5F-2441DE92495A}.Debug|Any CPU.ActiveCfg = Debug|x64
		{10F1A047-CA80-4A43-8C5F-2441DE92495A}.Debug|Any CPU.Build.0 = Debug|x64
		{10F1A047-CA80-4A43-8C5F-2441DE92495A}.Debug|x64.ActiveCfg = Debug|x64
		{10F1A047-CA80-4A43-8C5F-2441DE92495A}.Debug|x64.Build.0 = Debug|x64
		{10F1A047-CA80-4A43-8C5F-2441DE92495A}.Debug|x86.ActiveCfg = Debug|Win32
		{10F1A047-CA80-4A43-8C5F-2441DE92495A}.Debug|x86.Build.0 = Debug|Win32
		{10F1A047-CA80-4A43-8C5F-2441DE92495A}.Release|Any CPU.ActiveCfg = Release|x64
		{10F1A047-CA80-4A43-8C5F-2441DE92495A}.Release|Any CPU.Build.0 = Release|x64
		{10F1A047-CA80-4A43-8C5F-2441DE92495A}.Release|x64.ActiveCfg = Release|x64
		{10F1A047-CA80-4A43-8C5F-2441DE92495A}.Release|x64.Build.0 = Release|x64
		{10F1A047-CA80-4A43-8C5F-2441DE92495A}.Release|x86.ActiveCfg = Release|Win32
		{10F1A047-CA80-4A43-8C5F-2441DE92495A}.Release|x86.Build.0 = Release|Win32
		{E74B1C2B-52A1-424E-A641-3274D0CC596A}.Debug|Any CPU.ActiveCfg = Debug|x64
		{E74B1C2B-52A1-424E-A641-3274D0CC596A}.Debug|Any CPU.Build.0 = Debug|x64
		{E74B1C2B-52A1-424E-A641-3274D0CC596A}.Debug|x64.ActiveCfg = Debug|x64
		{E74B1C2B-52A1-424E-A641-3274D0CC596A}.Debug|x64.Build.0 = Debug|x64
		{E74B1C2B-52A1-424E-A641-3274D0CC596A}.Debug|x86.ActiveCfg = Debug|Win32
		{E74B1C2B-52A1-424E-A641-3274D0CC596A}.Debug|x86.Build.0 = Debug|Win32
		{E74B1C2B-52A1-424E-A641-3274D0CC596A}.Release|Any CPU.ActiveCfg = Release|x64
		{E74B1C2B-52A1-424E-A641-3274D0CC596A}.Release|Any CPU.Build.0 = Release|x64
		{E74B1C2B-52A1-424E-A641-3274D0CC596A}.Release|x64.ActiveCfg = Release|x64
		{E74B1C2B-52A1-424E-A641-3274D0CC596A}.Release|x64.Build.0 = Release|x64
		{E74B1C2B-52A1-424E-A641-3274D0CC596A}.Release|x86.ActiveCfg = Release|Win32
		{E74B1C2B-52A1-424E-A641-3274D0CC596A}.Release|x86.Build.0 = Release|Win32
	EndGlobalSection
	GlobalSection(SolutionProperties) = preSolution
		HideSolutionNode = FALSE
	EndGlobalSection
	GlobalSection(ExtensibilityGlobals) = postSolution
		SolutionGuid = {27CB60E9-0DBF-4FC7-A91B-32B6B588ECA6}
	EndGlobalSection
EndGlobal
