<?xml version="1.0" encoding="utf-8"?>
<Project ToolsVersion="4.0" xmlns="http://schemas.microsoft.com/developer/msbuild/2003">
  <ItemGroup>
    <ClCompile Include="ast_dumping_main.cpp" />
    <ClCompile Include="ast_dumping_config_parser.cpp" />
  </ItemGroup>
  <ItemGroup>
    <ClInclude Include="ast_dumping_config_parser.h" />
    <ClInclude Include="source_to_ast_arguments.h" />
  </ItemGroup>
</Project>