<?xml version="1.0" encoding="utf-8"?>
<Project ToolsVersion="4.0" xmlns="http://schemas.microsoft.com/developer/msbuild/2003">
  <ItemGroup>
    <ClInclude Include="typed_string.h" />
    <ClInclude Include="clang_c_types_handling.h" />
    <ClInclude Include="translation_unit_wrapper.h" />
    <ClInclude Include="code_entity_spelling.h" />
    <ClInclude Include="code_entity_location.h" />
    <ClInclude Include="var_spelling.h" />
    <ClInclude Include="func_spelling.h" />
    <ClInclude Include="var_location.h" />
    <ClInclude Include="func_location.h" />
    <ClInclude Include="var_linkage.h" />
    <ClInclude Include="cxcursor_hash.h" />
    <ClInclude Include="cxcursors_equal.h" />
    <ClInclude Include="cxindex_wrapper.h" />
    <ClInclude Include="cxstring_wrapper.h" />
  </ItemGroup>
  <ItemGroup>
    <ClCompile Include="clang_c_types_handling.cpp" />
  </ItemGroup>
</Project>