<?xml version="1.0" encoding="utf-8"?>
<Project ToolsVersion="4.0" xmlns="http://schemas.microsoft.com/developer/msbuild/2003">
  <ItemGroup>
    <ClInclude Include="translation_unit_raii.h" />
    <ClInclude Include="code_entity_spelling.h" />
    <ClInclude Include="code_entity_location.h" />
    <ClInclude Include="var_spelling.h" />
    <ClInclude Include="func_spelling.h" />
    <ClInclude Include="var_location.h" />
    <ClInclude Include="func_location.h" />
    <ClInclude Include="var_origin.h" />
    <ClInclude Include="cxcursor_hash.h" />
    <ClInclude Include="cxcursors_equal.h" />
    <ClInclude Include="cxindex_raii.h" />
    <ClInclude Include="cxstring_raii.h" />
    <ClInclude Include="spelling_extractor.h" />
    <ClInclude Include="common_checks.h" />
    <ClInclude Include="wrong_cursor_kind_exception.h" />
    <ClInclude Include="create_translation_unit_exception.h" />
    <ClInclude Include="create_cxindex_exception.h" />
    <ClInclude Include="cxtokens_raii.h" />
    <ClInclude Include="token_index.h" />
  </ItemGroup>
  <ItemGroup>
    <ClCompile Include="spelling_extractor.cpp" />
  </ItemGroup>
</Project>