<?xml version="1.0" encoding="utf-8"?>
<Project ToolsVersion="4.0" xmlns="http://schemas.microsoft.com/developer/msbuild/2003">
  <ItemGroup>
    <ClInclude Include="overflow_exception.h" />
    <ClInclude Include="insertion_error.h" />
    <ClInclude Include="existed_file_rewriting_exception.h" />
    <ClInclude Include="file_not_opened_exception.h" />
    <ClInclude Include="initialized_value_out_of_range.h" />
    <ClInclude Include="types_conversion_error.h" />
    <ClInclude Include="invalid_index_exception.h" />
    <ClInclude Include="nullptr_exception.h" />
    <ClInclude Include="incorrect_order_exception.h" />
    <ClInclude Include="nan_exception.h" />
    <ClInclude Include="incorrect_vector_length.h" />
    <ClInclude Include="invalid_iterator_operation.h" />
  </ItemGroup>
</Project>