<?xml version="1.0" encoding="utf-8"?>
<Project ToolsVersion="4.0" xmlns="http://schemas.microsoft.com/developer/msbuild/2003">
  <ItemGroup>
    <ClInclude Include="overflow_error.h" />
    <ClInclude Include="insertion_error.h" />
    <ClInclude Include="existed_file_rewriting_error.h" />
    <ClInclude Include="file_not_opened_error.h" />
    <ClInclude Include="param_out_of_range_error.h" />
    <ClInclude Include="types_conversion_error.h" />
    <ClInclude Include="invalid_index_error.h" />
    <ClInclude Include="nullptr_error.h" />
    <ClInclude Include="incorrect_order_error.h" />
    <ClInclude Include="nan_error.h" />
    <ClInclude Include="incorrect_vector_length_error.h" />
    <ClInclude Include="iterator_operation_error.h" />
  </ItemGroup>
</Project>