<?xml version="1.0" encoding="utf-8"?>
<Project ToolsVersion="4.0" xmlns="http://schemas.microsoft.com/developer/msbuild/2003">
  <ItemGroup>
    <ClInclude Include="var_usage_conditions.h" />
    <ClInclude Include="var_usage_info.h" />
    <ClInclude Include="func_implementation_info.h" />
    <ClInclude Include="functions_analysis_builder_abstract.h" />
    <ClInclude Include="func_implementation_info_hash.h" />
    <ClInclude Include="func_implementation_info_equal_spelling_and_location.h" />
    <ClInclude Include="functions_analysis_director.h" />
    <ClInclude Include="functions_analysis_builder_default.h" />
    <ClInclude Include="func_entity_type.h" />
    <ClInclude Include="var_linkage_usage_counter_pair.h" />
    <ClInclude Include="func_entities_cursors.h" />
    <ClInclude Include="count_matrices_clone_detector.h" />
  </ItemGroup>
  <ItemGroup>
    <ClCompile Include="func_entities_cursors.cpp" />
    <ClCompile Include="functions_analysis_builder_default.cpp" />
    <ClCompile Include="count_matrices_clone_detector.cpp" />
  </ItemGroup>
</Project>