<?xml version="1.0" encoding="utf-8"?>
<Project ToolsVersion="4.0" xmlns="http://schemas.microsoft.com/developer/msbuild/2003">
  <ItemGroup>
    <ClInclude Include="bipartite_graph_weights_matrix.h" />
    <ClInclude Include="bipartite_matching_abstract.h" />
    <ClInclude Include="bipartite_matching_max_total_weight.h" />
    <ClInclude Include="bipartite_matching_result.h" />
    <ClInclude Include="count_matrix.h" />
    <ClInclude Include="count_vector.h" />
    <ClInclude Include="counted_value.h" />
    <ClInclude Include="count_vectors_metrics_abstract.h" />
    <ClInclude Include="bipartite_graph_on_count_matrices.h" />
    <ClInclude Include="cv_euclidean_distance.h" />
    <ClInclude Include="cv_normilized_euclidean_distance.h" />
    <ClInclude Include="cv_similarity_by_normilized_eucl_dist.h" />
    <ClInclude Include="distance_between_count_vectors.h" />
    <ClInclude Include="edge.h" />
    <ClInclude Include="edge_weight.h" />
    <ClInclude Include="index_of_counted_value.h" />
    <ClInclude Include="index_of_count_vector.h" />
    <ClInclude Include="matched_vectors_pair_index.h" />
    <ClInclude Include="relative_similarity.h" />
    <ClInclude Include="vertex_index.h" />
    <ClInclude Include="count_vector_dimension.h" />
    <ClInclude Include="floating_weight_to_integral_transformation.h" />
    <ClInclude Include="matrices_comparing_result.h" />
    <ClInclude Include="matrices_comparing_abstract.h" />
    <ClInclude Include="similarity_estimator_abstract.h" />
    <ClInclude Include="mean_weight_in_matching.h" />
    <ClInclude Include="continuous_similarity_bounded_below.h" />
    <ClInclude Include="matrices_comparing_by_bipartite_matching.h" />
    <ClInclude Include="continuous_similarity_bounded.h" />
    <ClInclude Include="weights_transformation.h" />
  </ItemGroup>
</Project>